// !$*UTF8*$!
{
	archiveVersion = 1;
	classes = {
	};
	objectVersion = 55;
	objects = {

/* Begin PBXBuildFile section */
		0660A7F70FD835BBD73DC44D /* libPods-CoolCollege_SDK_demo_api.a in Frameworks */ = {isa = PBXBuildFile; fileRef = F2FFD4E0F61E3DFFBF41D81C /* libPods-CoolCollege_SDK_demo_api.a */; };
		837278132853158A003AA791 /* AppDelegate.m in Sources */ = {isa = PBXBuildFile; fileRef = 8372781228531589003AA791 /* AppDelegate.m */; };
		837278162853158A003AA791 /* SceneDelegate.m in Sources */ = {isa = PBXBuildFile; fileRef = 837278152853158A003AA791 /* SceneDelegate.m */; };
		837278192853158A003AA791 /* ViewController.m in Sources */ = {isa = PBXBuildFile; fileRef = 837278182853158A003AA791 /* ViewController.m */; };
		8372781C2853158A003AA791 /* Main.storyboard in Resources */ = {isa = PBXBuildFile; fileRef = 8372781A2853158A003AA791 /* Main.storyboard */; };
		8372781E2853158C003AA791 /* Assets.xcassets in Resources */ = {isa = PBXBuildFile; fileRef = 8372781D2853158C003AA791 /* Assets.xcassets */; };
		837278212853158C003AA791 /* LaunchScreen.storyboard in Resources */ = {isa = PBXBuildFile; fileRef = 8372781F2853158C003AA791 /* LaunchScreen.storyboard */; };
		837278242853158C003AA791 /* main.m in Sources */ = {isa = PBXBuildFile; fileRef = 837278232853158C003AA791 /* main.m */; };
		8391321E29110A2300954C52 /* CoolCollegeApiSDKImage.bundle in Resources */ = {isa = PBXBuildFile; fileRef = 8391321C29110A2200954C52 /* CoolCollegeApiSDKImage.bundle */; };
		8391321F29110A5200954C52 /* CoolCollegeApiSDK.framework in Frameworks */ = {isa = PBXBuildFile; fileRef = 8391321B29110A2200954C52 /* CoolCollegeApiSDK.framework */; platformFilter = ios; };
		8391322029110A5300954C52 /* CoolCollegeApiSDK.framework in Embed Frameworks */ = {isa = PBXBuildFile; fileRef = 8391321B29110A2200954C52 /* CoolCollegeApiSDK.framework */; platformFilter = ios; settings = {ATTRIBUTES = (CodeSignOnCopy, RemoveHeadersOnCopy, ); }; };
		83EB2D3C290B6E9400203F2E /* ScanHandler.m in Sources */ = {isa = PBXBuildFile; fileRef = 83EB2D3A290B6E9400203F2E /* ScanHandler.m */; };
/* End PBXBuildFile section */

/* Begin PBXCopyFilesBuildPhase section */
		8372783128532A1E003AA791 /* Embed Frameworks */ = {
			isa = PBXCopyFilesBuildPhase;
			buildActionMask = 2147483647;
			dstPath = "";
			dstSubfolderSpec = 10;
			files = (
				8391322029110A5300954C52 /* CoolCollegeApiSDK.framework in Embed Frameworks */,
			);
			name = "Embed Frameworks";
			runOnlyForDeploymentPostprocessing = 0;
		};
/* End PBXCopyFilesBuildPhase section */

/* Begin PBXFileReference section */
		1E8C32266320CCFEEEF80646 /* Pods-CoolCollege_SDK_demo_api.release.xcconfig */ = {isa = PBXFileReference; includeInIndex = 1; lastKnownFileType = text.xcconfig; name = "Pods-CoolCollege_SDK_demo_api.release.xcconfig"; path = "Target Support Files/Pods-CoolCollege_SDK_demo_api/Pods-CoolCollege_SDK_demo_api.release.xcconfig"; sourceTree = "<group>"; };
		8372780E28531589003AA791 /* CoolCollege_SDK_demo_api.app */ = {isa = PBXFileReference; explicitFileType = wrapper.application; includeInIndex = 0; path = CoolCollege_SDK_demo_api.app; sourceTree = BUILT_PRODUCTS_DIR; };
		8372781128531589003AA791 /* AppDelegate.h */ = {isa = PBXFileReference; lastKnownFileType = sourcecode.c.h; path = AppDelegate.h; sourceTree = "<group>"; };
		8372781228531589003AA791 /* AppDelegate.m */ = {isa = PBXFileReference; lastKnownFileType = sourcecode.c.objc; path = AppDelegate.m; sourceTree = "<group>"; };
		837278142853158A003AA791 /* SceneDelegate.h */ = {isa = PBXFileReference; lastKnownFileType = sourcecode.c.h; path = SceneDelegate.h; sourceTree = "<group>"; };
		837278152853158A003AA791 /* SceneDelegate.m */ = {isa = PBXFileReference; lastKnownFileType = sourcecode.c.objc; path = SceneDelegate.m; sourceTree = "<group>"; };
		837278172853158A003AA791 /* ViewController.h */ = {isa = PBXFileReference; lastKnownFileType = sourcecode.c.h; path = ViewController.h; sourceTree = "<group>"; };
		837278182853158A003AA791 /* ViewController.m */ = {isa = PBXFileReference; lastKnownFileType = sourcecode.c.objc; path = ViewController.m; sourceTree = "<group>"; };
		8372781B2853158A003AA791 /* Base */ = {isa = PBXFileReference; lastKnownFileType = file.storyboard; name = Base; path = Base.lproj/Main.storyboard; sourceTree = "<group>"; };
		8372781D2853158C003AA791 /* Assets.xcassets */ = {isa = PBXFileReference; lastKnownFileType = folder.assetcatalog; path = Assets.xcassets; sourceTree = "<group>"; };
		837278202853158C003AA791 /* Base */ = {isa = PBXFileReference; lastKnownFileType = file.storyboard; name = Base; path = Base.lproj/LaunchScreen.storyboard; sourceTree = "<group>"; };
		837278222853158C003AA791 /* Info.plist */ = {isa = PBXFileReference; lastKnownFileType = text.plist.xml; path = Info.plist; sourceTree = "<group>"; };
		837278232853158C003AA791 /* main.m */ = {isa = PBXFileReference; lastKnownFileType = sourcecode.c.objc; path = main.m; sourceTree = "<group>"; };
		8391321B29110A2200954C52 /* CoolCollegeApiSDK.framework */ = {isa = PBXFileReference; lastKnownFileType = wrapper.framework; path = CoolCollegeApiSDK.framework; sourceTree = "<group>"; };
		8391321C29110A2200954C52 /* CoolCollegeApiSDKImage.bundle */ = {isa = PBXFileReference; lastKnownFileType = "wrapper.plug-in"; path = CoolCollegeApiSDKImage.bundle; sourceTree = "<group>"; };
		83EB2D3A290B6E9400203F2E /* ScanHandler.m */ = {isa = PBXFileReference; fileEncoding = 4; lastKnownFileType = sourcecode.c.objc; path = ScanHandler.m; sourceTree = "<group>"; };
		83EB2D3B290B6E9400203F2E /* ScanHandler.h */ = {isa = PBXFileReference; fileEncoding = 4; lastKnownFileType = sourcecode.c.h; path = ScanHandler.h; sourceTree = "<group>"; };
		A8128B9FBB550629EEA51420 /* Pods-CoolCollege_SDK_demo_api.debug.xcconfig */ = {isa = PBXFileReference; includeInIndex = 1; lastKnownFileType = text.xcconfig; name = "Pods-CoolCollege_SDK_demo_api.debug.xcconfig"; path = "Target Support Files/Pods-CoolCollege_SDK_demo_api/Pods-CoolCollege_SDK_demo_api.debug.xcconfig"; sourceTree = "<group>"; };
		F2FFD4E0F61E3DFFBF41D81C /* libPods-CoolCollege_SDK_demo_api.a */ = {isa = PBXFileReference; explicitFileType = archive.ar; includeInIndex = 0; path = "libPods-CoolCollege_SDK_demo_api.a"; sourceTree = BUILT_PRODUCTS_DIR; };
/* End PBXFileReference section */

/* Begin PBXFrameworksBuildPhase section */
		8372780B28531589003AA791 /* Frameworks */ = {
			isa = PBXFrameworksBuildPhase;
			buildActionMask = 2147483647;
			files = (
				0660A7F70FD835BBD73DC44D /* libPods-CoolCollege_SDK_demo_api.a in Frameworks */,
				8391321F29110A5200954C52 /* CoolCollegeApiSDK.framework in Frameworks */,
			);
			runOnlyForDeploymentPostprocessing = 0;
		};
/* End PBXFrameworksBuildPhase section */

/* Begin PBXGroup section */
		4EF3637F7A68A105EB97CF56 /* Frameworks */ = {
			isa = PBXGroup;
			children = (
				F2FFD4E0F61E3DFFBF41D81C /* libPods-CoolCollege_SDK_demo_api.a */,
			);
			name = Frameworks;
			sourceTree = "<group>";
		};
		8372780528531589003AA791 = {
			isa = PBXGroup;
			children = (
				8372781028531589003AA791 /* CoolCollege_SDK_demo_api */,
				8372780F28531589003AA791 /* Products */,
				E3C1E2FDA76350037A515904 /* Pods */,
				4EF3637F7A68A105EB97CF56 /* Frameworks */,
			);
			sourceTree = "<group>";
		};
		8372780F28531589003AA791 /* Products */ = {
			isa = PBXGroup;
			children = (
				8372780E28531589003AA791 /* CoolCollege_SDK_demo_api.app */,
			);
			name = Products;
			sourceTree = "<group>";
		};
		8372781028531589003AA791 /* CoolCollege_SDK_demo_api */ = {
			isa = PBXGroup;
			children = (
				83EB2D39290B6E9400203F2E /* scan */,
				8372782A285329F2003AA791 /* CoolCollegeApiSDK */,
				8372781128531589003AA791 /* AppDelegate.h */,
				8372781228531589003AA791 /* AppDelegate.m */,
				837278142853158A003AA791 /* SceneDelegate.h */,
				837278152853158A003AA791 /* SceneDelegate.m */,
				837278172853158A003AA791 /* ViewController.h */,
				837278182853158A003AA791 /* ViewController.m */,
				8372781A2853158A003AA791 /* Main.storyboard */,
				8372781D2853158C003AA791 /* Assets.xcassets */,
				8372781F2853158C003AA791 /* LaunchScreen.storyboard */,
				837278222853158C003AA791 /* Info.plist */,
				837278232853158C003AA791 /* main.m */,
			);
			path = CoolCollege_SDK_demo_api;
			sourceTree = "<group>";
		};
		8372782A285329F2003AA791 /* CoolCollegeApiSDK */ = {
			isa = PBXGroup;
			children = (
				8391321B29110A2200954C52 /* CoolCollegeApiSDK.framework */,
				8391321C29110A2200954C52 /* CoolCollegeApiSDKImage.bundle */,
			);
			path = CoolCollegeApiSDK;
			sourceTree = "<group>";
		};
		83EB2D39290B6E9400203F2E /* scan */ = {
			isa = PBXGroup;
			children = (
				83EB2D3A290B6E9400203F2E /* ScanHandler.m */,
				83EB2D3B290B6E9400203F2E /* ScanHandler.h */,
			);
			path = scan;
			sourceTree = "<group>";
		};
		E3C1E2FDA76350037A515904 /* Pods */ = {
			isa = PBXGroup;
			children = (
				A8128B9FBB550629EEA51420 /* Pods-CoolCollege_SDK_demo_api.debug.xcconfig */,
				1E8C32266320CCFEEEF80646 /* Pods-CoolCollege_SDK_demo_api.release.xcconfig */,
			);
			path = Pods;
			sourceTree = "<group>";
		};
/* End PBXGroup section */

/* Begin PBXNativeTarget section */
		8372780D28531589003AA791 /* CoolCollege_SDK_demo_api */ = {
			isa = PBXNativeTarget;
			buildConfigurationList = 837278272853158C003AA791 /* Build configuration list for PBXNativeTarget "CoolCollege_SDK_demo_api" */;
			buildPhases = (
				A9D78186F255533C91220985 /* [CP] Check Pods Manifest.lock */,
				8372780A28531589003AA791 /* Sources */,
				8372780B28531589003AA791 /* Frameworks */,
				8372780C28531589003AA791 /* Resources */,
				8372783128532A1E003AA791 /* Embed Frameworks */,
				2A52183344E3216A104049FE /* [CP] Copy Pods Resources */,
			);
			buildRules = (
			);
			dependencies = (
			);
			name = CoolCollege_SDK_demo_api;
			productName = CoolCollege_SDK_demo_api;
			productReference = 8372780E28531589003AA791 /* CoolCollege_SDK_demo_api.app */;
			productType = "com.apple.product-type.application";
		};
/* End PBXNativeTarget section */

/* Begin PBXProject section */
		8372780628531589003AA791 /* Project object */ = {
			isa = PBXProject;
			attributes = {
				BuildIndependentTargetsInParallel = 1;
				LastUpgradeCheck = 1320;
				TargetAttributes = {
					8372780D28531589003AA791 = {
						CreatedOnToolsVersion = 13.2.1;
					};
				};
			};
			buildConfigurationList = 8372780928531589003AA791 /* Build configuration list for PBXProject "CoolCollege_SDK_demo_api" */;
			compatibilityVersion = "Xcode 13.0";
			developmentRegion = en;
			hasScannedForEncodings = 0;
			knownRegions = (
				en,
				Base,
			);
			mainGroup = 8372780528531589003AA791;
			productRefGroup = 8372780F28531589003AA791 /* Products */;
			projectDirPath = "";
			projectRoot = "";
			targets = (
				8372780D28531589003AA791 /* CoolCollege_SDK_demo_api */,
			);
		};
/* End PBXProject section */

/* Begin PBXResourcesBuildPhase section */
		8372780C28531589003AA791 /* Resources */ = {
			isa = PBXResourcesBuildPhase;
			buildActionMask = 2147483647;
			files = (
				8391321E29110A2300954C52 /* CoolCollegeApiSDKImage.bundle in Resources */,
				837278212853158C003AA791 /* LaunchScreen.storyboard in Resources */,
				8372781E2853158C003AA791 /* Assets.xcassets in Resources */,
				8372781C2853158A003AA791 /* Main.storyboard in Resources */,
			);
			runOnlyForDeploymentPostprocessing = 0;
		};
/* End PBXResourcesBuildPhase section */

/* Begin PBXShellScriptBuildPhase section */
		2A52183344E3216A104049FE /* [CP] Copy Pods Resources */ = {
			isa = PBXShellScriptBuildPhase;
			buildActionMask = 2147483647;
			files = (
			);
			inputFileListPaths = (
				"${PODS_ROOT}/Target Support Files/Pods-CoolCollege_SDK_demo_api/Pods-CoolCollege_SDK_demo_api-resources-${CONFIGURATION}-input-files.xcfilelist",
			);
			name = "[CP] Copy Pods Resources";
			outputFileListPaths = (
				"${PODS_ROOT}/Target Support Files/Pods-CoolCollege_SDK_demo_api/Pods-CoolCollege_SDK_demo_api-resources-${CONFIGURATION}-output-files.xcfilelist",
			);
			runOnlyForDeploymentPostprocessing = 0;
			shellPath = /bin/sh;
			shellScript = "\"${PODS_ROOT}/Target Support Files/Pods-CoolCollege_SDK_demo_api/Pods-CoolCollege_SDK_demo_api-resources.sh\"\n";
			showEnvVarsInLog = 0;
		};
		A9D78186F255533C91220985 /* [CP] Check Pods Manifest.lock */ = {
			isa = PBXShellScriptBuildPhase;
			buildActionMask = 2147483647;
			files = (
			);
			inputFileListPaths = (
			);
			inputPaths = (
				"${PODS_PODFILE_DIR_PATH}/Podfile.lock",
				"${PODS_ROOT}/Manifest.lock",
			);
			name = "[CP] Check Pods Manifest.lock";
			outputFileListPaths = (
			);
			outputPaths = (
				"$(DERIVED_FILE_DIR)/Pods-CoolCollege_SDK_demo_api-checkManifestLockResult.txt",
			);
			runOnlyForDeploymentPostprocessing = 0;
			shellPath = /bin/sh;
			shellScript = "diff \"${PODS_PODFILE_DIR_PATH}/Podfile.lock\" \"${PODS_ROOT}/Manifest.lock\" > /dev/null\nif [ $? != 0 ] ; then\n    # print error to STDERR\n    echo \"error: The sandbox is not in sync with the Podfile.lock. Run 'pod install' or update your CocoaPods installation.\" >&2\n    exit 1\nfi\n# This output is used by Xcode 'outputs' to avoid re-running this script phase.\necho \"SUCCESS\" > \"${SCRIPT_OUTPUT_FILE_0}\"\n";
			showEnvVarsInLog = 0;
		};
/* End PBXShellScriptBuildPhase section */

/* Begin PBXSourcesBuildPhase section */
		8372780A28531589003AA791 /* Sources */ = {
			isa = PBXSourcesBuildPhase;
			buildActionMask = 2147483647;
			files = (
				837278192853158A003AA791 /* ViewController.m in Sources */,
				837278132853158A003AA791 /* AppDelegate.m in Sources */,
				837278242853158C003AA791 /* main.m in Sources */,
				837278162853158A003AA791 /* SceneDelegate.m in Sources */,
				83EB2D3C290B6E9400203F2E /* ScanHandler.m in Sources */,
			);
			runOnlyForDeploymentPostprocessing = 0;
		};
/* End PBXSourcesBuildPhase section */

/* Begin PBXVariantGroup section */
		8372781A2853158A003AA791 /* Main.storyboard */ = {
			isa = PBXVariantGroup;
			children = (
				8372781B2853158A003AA791 /* Base */,
			);
			name = Main.storyboard;
			sourceTree = "<group>";
		};
		8372781F2853158C003AA791 /* LaunchScreen.storyboard */ = {
			isa = PBXVariantGroup;
			children = (
				837278202853158C003AA791 /* Base */,
			);
			name = LaunchScreen.storyboard;
			sourceTree = "<group>";
		};
/* End PBXVariantGroup section */

/* Begin XCBuildConfiguration section */
		837278252853158C003AA791 /* Debug */ = {
			isa = XCBuildConfiguration;
			buildSettings = {
				ALWAYS_SEARCH_USER_PATHS = NO;
				CLANG_ANALYZER_NONNULL = YES;
				CLANG_ANALYZER_NUMBER_OBJECT_CONVERSION = YES_AGGRESSIVE;
				CLANG_CXX_LANGUAGE_STANDARD = "gnu++17";
				CLANG_CXX_LIBRARY = "libc++";
				CLANG_ENABLE_MODULES = YES;
				CLANG_ENABLE_OBJC_ARC = YES;
				CLANG_ENABLE_OBJC_WEAK = YES;
				CLANG_WARN_BLOCK_CAPTURE_AUTORELEASING = YES;
				CLANG_WARN_BOOL_CONVERSION = YES;
				CLANG_WARN_COMMA = YES;
				CLANG_WARN_CONSTANT_CONVERSION = YES;
				CLANG_WARN_DEPRECATED_OBJC_IMPLEMENTATIONS = YES;
				CLANG_WARN_DIRECT_OBJC_ISA_USAGE = YES_ERROR;
				CLANG_WARN_DOCUMENTATION_COMMENTS = YES;
				CLANG_WARN_EMPTY_BODY = YES;
				CLANG_WARN_ENUM_CONVERSION = YES;
				CLANG_WARN_INFINITE_RECURSION = YES;
				CLANG_WARN_INT_CONVERSION = YES;
				CLANG_WARN_NON_LITERAL_NULL_CONVERSION = YES;
				CLANG_WARN_OBJC_IMPLICIT_RETAIN_SELF = YES;
				CLANG_WARN_OBJC_LITERAL_CONVERSION = YES;
				CLANG_WARN_OBJC_ROOT_CLASS = YES_ERROR;
				CLANG_WARN_QUOTED_INCLUDE_IN_FRAMEWORK_HEADER = YES;
				CLANG_WARN_RANGE_LOOP_ANALYSIS = YES;
				CLANG_WARN_STRICT_PROTOTYPES = YES;
				CLANG_WARN_SUSPICIOUS_MOVE = YES;
				CLANG_WARN_UNGUARDED_AVAILABILITY = YES_AGGRESSIVE;
				CLANG_WARN_UNREACHABLE_CODE = YES;
				CLANG_WARN__DUPLICATE_METHOD_MATCH = YES;
				COPY_PHASE_STRIP = NO;
				DEBUG_INFORMATION_FORMAT = dwarf;
				ENABLE_STRICT_OBJC_MSGSEND = YES;
				ENABLE_TESTABILITY = YES;
				GCC_C_LANGUAGE_STANDARD = gnu11;
				GCC_DYNAMIC_NO_PIC = NO;
				GCC_NO_COMMON_BLOCKS = YES;
				GCC_OPTIMIZATION_LEVEL = 0;
				GCC_PREPROCESSOR_DEFINITIONS = (
					"DEBUG=1",
					"$(inherited)",
				);
				GCC_WARN_64_TO_32_BIT_CONVERSION = YES;
				GCC_WARN_ABOUT_RETURN_TYPE = YES_ERROR;
				GCC_WARN_UNDECLARED_SELECTOR = YES;
				GCC_WARN_UNINITIALIZED_AUTOS = YES_AGGRESSIVE;
				GCC_WARN_UNUSED_FUNCTION = YES;
				GCC_WARN_UNUSED_VARIABLE = YES;
				IPHONEOS_DEPLOYMENT_TARGET = 15.2;
				MTL_ENABLE_DEBUG_INFO = INCLUDE_SOURCE;
				MTL_FAST_MATH = YES;
				ONLY_ACTIVE_ARCH = YES;
				SDKROOT = iphoneos;
			};
			name = Debug;
		};
		837278262853158C003AA791 /* Release */ = {
			isa = XCBuildConfiguration;
			buildSettings = {
				ALWAYS_SEARCH_USER_PATHS = NO;
				CLANG_ANALYZER_NONNULL = YES;
				CLANG_ANALYZER_NUMBER_OBJECT_CONVERSION = YES_AGGRESSIVE;
				CLANG_CXX_LANGUAGE_STANDARD = "gnu++17";
				CLANG_CXX_LIBRARY = "libc++";
				CLANG_ENABLE_MODULES = YES;
				CLANG_ENABLE_OBJC_ARC = YES;
				CLANG_ENABLE_OBJC_WEAK = YES;
				CLANG_WARN_BLOCK_CAPTURE_AUTORELEASING = YES;
				CLANG_WARN_BOOL_CONVERSION = YES;
				CLANG_WARN_COMMA = YES;
				CLANG_WARN_CONSTANT_CONVERSION = YES;
				CLANG_WARN_DEPRECATED_OBJC_IMPLEMENTATIONS = YES;
				CLANG_WARN_DIRECT_OBJC_ISA_USAGE = YES_ERROR;
				CLANG_WARN_DOCUMENTATION_COMMENTS = YES;
				CLANG_WARN_EMPTY_BODY = YES;
				CLANG_WARN_ENUM_CONVERSION = YES;
				CLANG_WARN_INFINITE_RECURSION = YES;
				CLANG_WARN_INT_CONVERSION = YES;
				CLANG_WARN_NON_LITERAL_NULL_CONVERSION = YES;
				CLANG_WARN_OBJC_IMPLICIT_RETAIN_SELF = YES;
				CLANG_WARN_OBJC_LITERAL_CONVERSION = YES;
				CLANG_WARN_OBJC_ROOT_CLASS = YES_ERROR;
				CLANG_WARN_QUOTED_INCLUDE_IN_FRAMEWORK_HEADER = YES;
				CLANG_WARN_RANGE_LOOP_ANALYSIS = YES;
				CLANG_WARN_STRICT_PROTOTYPES = YES;
				CLANG_WARN_SUSPICIOUS_MOVE = YES;
				CLANG_WARN_UNGUARDED_AVAILABILITY = YES_AGGRESSIVE;
				CLANG_WARN_UNREACHABLE_CODE = YES;
				CLANG_WARN__DUPLICATE_METHOD_MATCH = YES;
				COPY_PHASE_STRIP = NO;
				DEBUG_INFORMATION_FORMAT = "dwarf-with-dsym";
				ENABLE_NS_ASSERTIONS = NO;
				ENABLE_STRICT_OBJC_MSGSEND = YES;
				GCC_C_LANGUAGE_STANDARD = gnu11;
				GCC_NO_COMMON_BLOCKS = YES;
				GCC_WARN_64_TO_32_BIT_CONVERSION = YES;
				GCC_WARN_ABOUT_RETURN_TYPE = YES_ERROR;
				GCC_WARN_UNDECLARED_SELECTOR = YES;
				GCC_WARN_UNINITIALIZED_AUTOS = YES_AGGRESSIVE;
				GCC_WARN_UNUSED_FUNCTION = YES;
				GCC_WARN_UNUSED_VARIABLE = YES;
				IPHONEOS_DEPLOYMENT_TARGET = 15.2;
				MTL_ENABLE_DEBUG_INFO = NO;
				MTL_FAST_MATH = YES;
				SDKROOT = iphoneos;
				VALIDATE_PRODUCT = YES;
			};
			name = Release;
		};
		837278282853158C003AA791 /* Debug */ = {
			isa = XCBuildConfiguration;
			baseConfigurationReference = A8128B9FBB550629EEA51420 /* Pods-CoolCollege_SDK_demo_api.debug.xcconfig */;
			buildSettings = {
				ASSETCATALOG_COMPILER_APPICON_NAME = AppIcon;
				ASSETCATALOG_COMPILER_GLOBAL_ACCENT_COLOR_NAME = AccentColor;
				CODE_SIGN_STYLE = Automatic;
				CURRENT_PROJECT_VERSION = 1;
				DEVELOPMENT_TEAM = 3N5223N9PT;
				FRAMEWORK_SEARCH_PATHS = (
					"$(inherited)",
					"$(PROJECT_DIR)/CoolCollege_SDK_demo_api/CoolCollegeApiSDK",
				);
				GENERATE_INFOPLIST_FILE = YES;
				INFOPLIST_FILE = CoolCollege_SDK_demo_api/Info.plist;
				INFOPLIST_KEY_CFBundleDisplayName = "酷学院ApiSDK示例";
				INFOPLIST_KEY_UIApplicationSupportsIndirectInputEvents = YES;
				INFOPLIST_KEY_UILaunchStoryboardName = LaunchScreen;
				INFOPLIST_KEY_UIMainStoryboardFile = Main;
				INFOPLIST_KEY_UISupportedInterfaceOrientations_iPad = "UIInterfaceOrientationPortrait UIInterfaceOrientationPortraitUpsideDown UIInterfaceOrientationLandscapeLeft UIInterfaceOrientationLandscapeRight";
				INFOPLIST_KEY_UISupportedInterfaceOrientations_iPhone = "UIInterfaceOrientationPortrait UIInterfaceOrientationLandscapeLeft UIInterfaceOrientationLandscapeRight";
				IPHONEOS_DEPLOYMENT_TARGET = 10.0;
				LD_RUNPATH_SEARCH_PATHS = (
					"$(inherited)",
					"@executable_path/Frameworks",
				);
				MARKETING_VERSION = 1.0;
				PRODUCT_BUNDLE_IDENTIFIER = "cn.coolcollege.CoolCollege-SDK-demo-api";
				PRODUCT_NAME = "$(TARGET_NAME)";
				SWIFT_EMIT_LOC_STRINGS = YES;
				TARGETED_DEVICE_FAMILY = 1;
			};
			name = Debug;
		};
		837278292853158C003AA791 /* Release */ = {
			isa = XCBuildConfiguration;
			baseConfigurationReference = 1E8C32266320CCFEEEF80646 /* Pods-CoolCollege_SDK_demo_api.release.xcconfig */;
			buildSettings = {
				ASSETCATALOG_COMPILER_APPICON_NAME = AppIcon;
				ASSETCATALOG_COMPILER_GLOBAL_ACCENT_COLOR_NAME = AccentColor;
				CODE_SIGN_STYLE = Automatic;
				CURRENT_PROJECT_VERSION = 1;
				DEVELOPMENT_TEAM = 3N5223N9PT;
				FRAMEWORK_SEARCH_PATHS = (
					"$(inherited)",
					"$(PROJECT_DIR)/CoolCollege_SDK_demo_api/CoolCollegeApiSDK",
				);
				GENERATE_INFOPLIST_FILE = YES;
				INFOPLIST_FILE = CoolCollege_SDK_demo_api/Info.plist;
				INFOPLIST_KEY_CFBundleDisplayName = "酷学院ApiSDK示例";
				INFOPLIST_KEY_UIApplicationSupportsIndirectInputEvents = YES;
				INFOPLIST_KEY_UILaunchStoryboardName = LaunchScreen;
				INFOPLIST_KEY_UIMainStoryboardFile = Main;
				INFOPLIST_KEY_UISupportedInterfaceOrientations_iPad = "UIInterfaceOrientationPortrait UIInterfaceOrientationPortraitUpsideDown UIInterfaceOrientationLandscapeLeft UIInterfaceOrientationLandscapeRight";
				INFOPLIST_KEY_UISupportedInterfaceOrientations_iPhone = "UIInterfaceOrientationPortrait UIInterfaceOrientationLandscapeLeft UIInterfaceOrientationLandscapeRight";
				IPHONEOS_DEPLOYMENT_TARGET = 10.0;
				LD_RUNPATH_SEARCH_PATHS = (
					"$(inherited)",
					"@executable_path/Frameworks",
				);
				MARKETING_VERSION = 1.0;
				PRODUCT_BUNDLE_IDENTIFIER = "cn.coolcollege.CoolCollege-SDK-demo-api";
				PRODUCT_NAME = "$(TARGET_NAME)";
				SWIFT_EMIT_LOC_STRINGS = YES;
				TARGETED_DEVICE_FAMILY = 1;
			};
			name = Release;
		};
/* End XCBuildConfiguration section */

/* Begin XCConfigurationList section */
		8372780928531589003AA791 /* Build configuration list for PBXProject "CoolCollege_SDK_demo_api" */ = {
			isa = XCConfigurationList;
			buildConfigurations = (
				837278252853158C003AA791 /* Debug */,
				837278262853158C003AA791 /* Release */,
			);
			defaultConfigurationIsVisible = 0;
			defaultConfigurationName = Release;
		};
		837278272853158C003AA791 /* Build configuration list for PBXNativeTarget "CoolCollege_SDK_demo_api" */ = {
			isa = XCConfigurationList;
			buildConfigurations = (
				837278282853158C003AA791 /* Debug */,
				837278292853158C003AA791 /* Release */,
			);
			defaultConfigurationIsVisible = 0;
			defaultConfigurationName = Release;
		};
/* End XCConfigurationList section */
	};
	rootObject = 8372780628531589003AA791 /* Project object */;
}
